<?xml version="1.0" encoding="utf-8"?>
<Project ToolsVersion="4.0" xmlns="http://schemas.microsoft.com/developer/msbuild/2003">
  <ItemGroup>
    <ClCompile Include="..\src\main.cpp">
      <Filter>src</Filter>
    </ClCompile>
    <ClCompile Include="..\src\app\frame_router.cpp">
      <Filter>src\app</Filter>
    </ClCompile>
    <ClCompile Include="..\src\app\bootstrap.cpp">
      <Filter>src\app</Filter>
    </ClCompile>
    <ClCompile Include="..\src\app\s2s_link.cpp">
      <Filter>src\app</Filter>
    </ClCompile>
    <ClCompile Include="..\src\app\entry_table.cpp">
      <Filter>src\app</Filter>
    </ClCompile>
    <ClCompile Include="..\src\app\worker_pool.cpp">
      <Filter>src\app</Filter>
    </ClCompile>
  </ItemGroup>
  <ItemGroup>
    <Filter Include="src">
      <UniqueIdentifier>{6ed4f606-4a38-4d40-aa57-2bdd964ab032}</UniqueIdentifier>
    </Filter>
    <Filter Include="src\app">
      <UniqueIdentifier>{7c9e0a15-2d83-4b47-a6f1-8e4b0d2a95c7}</UniqueIdentifier>
    </Filter>
    <Filter Include="src\world">
      <UniqueIdentifier>{3f8a1d92-7b64-42c5-9e07-1a5d6c83be40}</UniqueIdentifier>
    </Filter>
  </ItemGroup>
  <ItemGroup>
    <ClInclude Include="..\src\app\frame_router.h">
      <Filter>src\app</Filter>
    </ClInclude>
    <ClInclude Include="..\src\app\bootstrap.h">
      <Filter>src\app</Filter>
    </ClInclude>
    <ClInclude Include="..\src\app\s2s_link.h">
      <Filter>src\app</Filter>
    </ClInclude>
    <ClInclude Include="..\src\app\entry_table.h">
      <Filter>src\app</Filter>
    </ClInclude>
    <ClInclude Include="..\src\app\worker_pool.h">
      <Filter>src\app</Filter>
    </ClInclude>
    <ClInclude Include="..\src\world\trade.h">
      <Filter>src\world</Filter>
    </ClInclude>
  </ItemGroup>
</Project>